// !$*UTF8*$!
{
	archiveVersion = 1;
	classes = {
	};
	objectVersion = 46;
	objects = {

/* Begin PBXBuildFile section */
		664032B61CC0317B00FF7C6B /* Metal.framework in Frameworks */ = {isa = PBXBuildFile; fileRef = 664032B41CC0317B00FF7C6B /* Metal.framework */; };
		664032B71CC0317B00FF7C6B /* MetalKit.framework in Frameworks */ = {isa = PBXBuildFile; fileRef = 664032B51CC0317B00FF7C6B /* MetalKit.framework */; };
		6659408D1CC117D900BEA04C /* ControllerIO.swift in Sources */ = {isa = PBXBuildFile; fileRef = 6659408C1CC117D900BEA04C /* ControllerIO.swift */; };
		665940911CC11CD300BEA04C /* DisplayWindow.swift in Sources */ = {isa = PBXBuildFile; fileRef = 665940901CC11CD300BEA04C /* DisplayWindow.swift */; };
		666146AE1CA347300022C10D /* Memory.swift in Sources */ = {isa = PBXBuildFile; fileRef = 666146AD1CA347300022C10D /* Memory.swift */; };
		666146B01CA34BC40022C10D /* FileIO.swift in Sources */ = {isa = PBXBuildFile; fileRef = 666146AF1CA34BC40022C10D /* FileIO.swift */; };
		66A9C4371CA2EF3800936DBC /* AppDelegate.swift in Sources */ = {isa = PBXBuildFile; fileRef = 66A9C4361CA2EF3800936DBC /* AppDelegate.swift */; };
		66A9C4391CA2EF3800936DBC /* Assets.xcassets in Resources */ = {isa = PBXBuildFile; fileRef = 66A9C4381CA2EF3800936DBC /* Assets.xcassets */; };
		66A9C43C1CA2EF3800936DBC /* MainMenu.xib in Resources */ = {isa = PBXBuildFile; fileRef = 66A9C43A1CA2EF3800936DBC /* MainMenu.xib */; };
		66A9C4471CA2EF3800936DBC /* SimpleNESTests.swift in Sources */ = {isa = PBXBuildFile; fileRef = 66A9C4461CA2EF3800936DBC /* SimpleNESTests.swift */; };
		66A9C4531CA2EF6F00936DBC /* CPU.swift in Sources */ = {isa = PBXBuildFile; fileRef = 66A9C4521CA2EF6F00936DBC /* CPU.swift */; };
		66E186901CADB97300EFF583 /* Logger.swift in Sources */ = {isa = PBXBuildFile; fileRef = 66E1868F1CADB97300EFF583 /* Logger.swift */; };
		66F44E9D1CC05494006F0A6E /* Shader.metal in Sources */ = {isa = PBXBuildFile; fileRef = 66F44E9C1CC05494006F0A6E /* Shader.metal */; };
		66F46AB91CB039B9005B637E /* PPU.swift in Sources */ = {isa = PBXBuildFile; fileRef = 66F46AB81CB039B9005B637E /* PPU.swift */; };
/* End PBXBuildFile section */

/* Begin PBXContainerItemProxy section */
		66A9C4431CA2EF3800936DBC /* PBXContainerItemProxy */ = {
			isa = PBXContainerItemProxy;
			containerPortal = 66A9C42B1CA2EF3800936DBC /* Project object */;
			proxyType = 1;
			remoteGlobalIDString = 66A9C4321CA2EF3800936DBC;
			remoteInfo = SimpleNES;
		};
/* End PBXContainerItemProxy section */

/* Begin PBXFileReference section */
		664032B41CC0317B00FF7C6B /* Metal.framework */ = {isa = PBXFileReference; lastKnownFileType = wrapper.framework; name = Metal.framework; path = System/Library/Frameworks/Metal.framework; sourceTree = SDKROOT; };
		664032B51CC0317B00FF7C6B /* MetalKit.framework */ = {isa = PBXFileReference; lastKnownFileType = wrapper.framework; name = MetalKit.framework; path = System/Library/Frameworks/MetalKit.framework; sourceTree = SDKROOT; };
		6659408C1CC117D900BEA04C /* ControllerIO.swift */ = {isa = PBXFileReference; fileEncoding = 4; lastKnownFileType = sourcecode.swift; name = ControllerIO.swift; path = Implementation/ControllerIO.swift; sourceTree = "<group>"; };
		665940901CC11CD300BEA04C /* DisplayWindow.swift */ = {isa = PBXFileReference; fileEncoding = 4; lastKnownFileType = sourcecode.swift; path = DisplayWindow.swift; sourceTree = "<group>"; };
		666146AD1CA347300022C10D /* Memory.swift */ = {isa = PBXFileReference; fileEncoding = 4; lastKnownFileType = sourcecode.swift; name = Memory.swift; path = Implementation/Memory.swift; sourceTree = "<group>"; };
		666146AF1CA34BC40022C10D /* FileIO.swift */ = {isa = PBXFileReference; fileEncoding = 4; lastKnownFileType = sourcecode.swift; name = FileIO.swift; path = Implementation/FileIO.swift; sourceTree = "<group>"; };
		66A9C4331CA2EF3800936DBC /* SimpleNES.app */ = {isa = PBXFileReference; explicitFileType = wrapper.application; includeInIndex = 0; path = SimpleNES.app; sourceTree = BUILT_PRODUCTS_DIR; };
		66A9C4361CA2EF3800936DBC /* AppDelegate.swift */ = {isa = PBXFileReference; lastKnownFileType = sourcecode.swift; path = AppDelegate.swift; sourceTree = "<group>"; };
		66A9C4381CA2EF3800936DBC /* Assets.xcassets */ = {isa = PBXFileReference; lastKnownFileType = folder.assetcatalog; path = Assets.xcassets; sourceTree = "<group>"; };
		66A9C43B1CA2EF3800936DBC /* Base */ = {isa = PBXFileReference; lastKnownFileType = file.xib; name = Base; path = Base.lproj/MainMenu.xib; sourceTree = "<group>"; };
		66A9C43D1CA2EF3800936DBC /* Info.plist */ = {isa = PBXFileReference; lastKnownFileType = text.plist.xml; path = Info.plist; sourceTree = "<group>"; };
		66A9C4421CA2EF3800936DBC /* SimpleNESTests.xctest */ = {isa = PBXFileReference; explicitFileType = wrapper.cfbundle; includeInIndex = 0; path = SimpleNESTests.xctest; sourceTree = BUILT_PRODUCTS_DIR; };
		66A9C4461CA2EF3800936DBC /* SimpleNESTests.swift */ = {isa = PBXFileReference; lastKnownFileType = sourcecode.swift; path = SimpleNESTests.swift; sourceTree = "<group>"; };
		66A9C4481CA2EF3800936DBC /* Info.plist */ = {isa = PBXFileReference; lastKnownFileType = text.plist.xml; path = Info.plist; sourceTree = "<group>"; };
		66A9C4521CA2EF6F00936DBC /* CPU.swift */ = {isa = PBXFileReference; fileEncoding = 4; lastKnownFileType = sourcecode.swift; name = CPU.swift; path = Implementation/CPU.swift; sourceTree = "<group>"; };
		66E1868F1CADB97300EFF583 /* Logger.swift */ = {isa = PBXFileReference; fileEncoding = 4; lastKnownFileType = sourcecode.swift; name = Logger.swift; path = Implementation/Logger.swift; sourceTree = "<group>"; };
		66F44E9C1CC05494006F0A6E /* Shader.metal */ = {isa = PBXFileReference; fileEncoding = 4; lastKnownFileType = sourcecode.metal; path = Shader.metal; sourceTree = "<group>"; };
		66F46AB81CB039B9005B637E /* PPU.swift */ = {isa = PBXFileReference; fileEncoding = 4; lastKnownFileType = sourcecode.swift; path = PPU.swift; sourceTree = "<group>"; };
/* End PBXFileReference section */

/* Begin PBXFrameworksBuildPhase section */
		66A9C4301CA2EF3800936DBC /* Frameworks */ = {
			isa = PBXFrameworksBuildPhase;
			buildActionMask = 2147483647;
			files = (
				664032B61CC0317B00FF7C6B /* Metal.framework in Frameworks */,
				664032B71CC0317B00FF7C6B /* MetalKit.framework in Frameworks */,
			);
			runOnlyForDeploymentPostprocessing = 0;
		};
		66A9C43F1CA2EF3800936DBC /* Frameworks */ = {
			isa = PBXFrameworksBuildPhase;
			buildActionMask = 2147483647;
			files = (
			);
			runOnlyForDeploymentPostprocessing = 0;
		};
/* End PBXFrameworksBuildPhase section */

/* Begin PBXGroup section */
		66A9C42A1CA2EF3800936DBC = {
			isa = PBXGroup;
			children = (
				664032B41CC0317B00FF7C6B /* Metal.framework */,
				664032B51CC0317B00FF7C6B /* MetalKit.framework */,
				66A9C4351CA2EF3800936DBC /* SimpleNES */,
				66A9C4451CA2EF3800936DBC /* SimpleNESTests */,
				66A9C4341CA2EF3800936DBC /* Products */,
			);
			sourceTree = "<group>";
		};
		66A9C4341CA2EF3800936DBC /* Products */ = {
			isa = PBXGroup;
			children = (
				66A9C4331CA2EF3800936DBC /* SimpleNES.app */,
				66A9C4421CA2EF3800936DBC /* SimpleNESTests.xctest */,
			);
			name = Products;
			sourceTree = "<group>";
		};
		66A9C4351CA2EF3800936DBC /* SimpleNES */ = {
			isa = PBXGroup;
			children = (
				66A9C4361CA2EF3800936DBC /* AppDelegate.swift */,
				665940901CC11CD300BEA04C /* DisplayWindow.swift */,
				66F44E9C1CC05494006F0A6E /* Shader.metal */,
				66A9C4511CA2EF4900936DBC /* Implementation */,
				66A9C4381CA2EF3800936DBC /* Assets.xcassets */,
				66A9C43A1CA2EF3800936DBC /* MainMenu.xib */,
				66A9C43D1CA2EF3800936DBC /* Info.plist */,
			);
			path = SimpleNES;
			sourceTree = "<group>";
		};
		66A9C4451CA2EF3800936DBC /* SimpleNESTests */ = {
			isa = PBXGroup;
			children = (
				66A9C4461CA2EF3800936DBC /* SimpleNESTests.swift */,
				66A9C4481CA2EF3800936DBC /* Info.plist */,
			);
			path = SimpleNESTests;
			sourceTree = "<group>";
		};
		66A9C4511CA2EF4900936DBC /* Implementation */ = {
			isa = PBXGroup;
			children = (
				66A9C4521CA2EF6F00936DBC /* CPU.swift */,
				666146AD1CA347300022C10D /* Memory.swift */,
				6659408C1CC117D900BEA04C /* ControllerIO.swift */,
				666146AF1CA34BC40022C10D /* FileIO.swift */,
				66E1868F1CADB97300EFF583 /* Logger.swift */,
				66F46AB81CB039B9005B637E /* PPU.swift */,
			);
			name = Implementation;
			sourceTree = "<group>";
		};
/* End PBXGroup section */

/* Begin PBXNativeTarget section */
		66A9C4321CA2EF3800936DBC /* SimpleNES */ = {
			isa = PBXNativeTarget;
			buildConfigurationList = 66A9C44B1CA2EF3800936DBC /* Build configuration list for PBXNativeTarget "SimpleNES" */;
			buildPhases = (
				66A9C42F1CA2EF3800936DBC /* Sources */,
				66A9C4301CA2EF3800936DBC /* Frameworks */,
				66A9C4311CA2EF3800936DBC /* Resources */,
			);
			buildRules = (
			);
			dependencies = (
			);
			name = SimpleNES;
			productName = SimpleNES;
			productReference = 66A9C4331CA2EF3800936DBC /* SimpleNES.app */;
			productType = "com.apple.product-type.application";
		};
		66A9C4411CA2EF3800936DBC /* SimpleNESTests */ = {
			isa = PBXNativeTarget;
			buildConfigurationList = 66A9C44E1CA2EF3800936DBC /* Build configuration list for PBXNativeTarget "SimpleNESTests" */;
			buildPhases = (
				66A9C43E1CA2EF3800936DBC /* Sources */,
				66A9C43F1CA2EF3800936DBC /* Frameworks */,
				66A9C4401CA2EF3800936DBC /* Resources */,
			);
			buildRules = (
			);
			dependencies = (
				66A9C4441CA2EF3800936DBC /* PBXTargetDependency */,
			);
			name = SimpleNESTests;
			productName = SimpleNESTests;
			productReference = 66A9C4421CA2EF3800936DBC /* SimpleNESTests.xctest */;
			productType = "com.apple.product-type.bundle.unit-test";
		};
/* End PBXNativeTarget section */

/* Begin PBXProject section */
		66A9C42B1CA2EF3800936DBC /* Project object */ = {
			isa = PBXProject;
			attributes = {
				LastSwiftUpdateCheck = 0720;
				LastUpgradeCheck = 0720;
				ORGANIZATIONNAME = "Adam Gastineau";
				TargetAttributes = {
					66A9C4321CA2EF3800936DBC = {
						CreatedOnToolsVersion = 7.2.1;
					};
					66A9C4411CA2EF3800936DBC = {
						CreatedOnToolsVersion = 7.2.1;
						TestTargetID = 66A9C4321CA2EF3800936DBC;
					};
				};
			};
			buildConfigurationList = 66A9C42E1CA2EF3800936DBC /* Build configuration list for PBXProject "SimpleNES" */;
			compatibilityVersion = "Xcode 3.2";
			developmentRegion = English;
			hasScannedForEncodings = 0;
			knownRegions = (
				en,
				Base,
			);
			mainGroup = 66A9C42A1CA2EF3800936DBC;
			productRefGroup = 66A9C4341CA2EF3800936DBC /* Products */;
			projectDirPath = "";
			projectRoot = "";
			targets = (
				66A9C4321CA2EF3800936DBC /* SimpleNES */,
				66A9C4411CA2EF3800936DBC /* SimpleNESTests */,
			);
		};
/* End PBXProject section */

/* Begin PBXResourcesBuildPhase section */
		66A9C4311CA2EF3800936DBC /* Resources */ = {
			isa = PBXResourcesBuildPhase;
			buildActionMask = 2147483647;
			files = (
				66A9C4391CA2EF3800936DBC /* Assets.xcassets in Resources */,
				66A9C43C1CA2EF3800936DBC /* MainMenu.xib in Resources */,
			);
			runOnlyForDeploymentPostprocessing = 0;
		};
		66A9C4401CA2EF3800936DBC /* Resources */ = {
			isa = PBXResourcesBuildPhase;
			buildActionMask = 2147483647;
			files = (
			);
			runOnlyForDeploymentPostprocessing = 0;
		};
/* End PBXResourcesBuildPhase section */

/* Begin PBXSourcesBuildPhase section */
		66A9C42F1CA2EF3800936DBC /* Sources */ = {
			isa = PBXSourcesBuildPhase;
			buildActionMask = 2147483647;
			files = (
				66E186901CADB97300EFF583 /* Logger.swift in Sources */,
				6659408D1CC117D900BEA04C /* ControllerIO.swift in Sources */,
				66F46AB91CB039B9005B637E /* PPU.swift in Sources */,
				666146AE1CA347300022C10D /* Memory.swift in Sources */,
				66A9C4531CA2EF6F00936DBC /* CPU.swift in Sources */,
				66A9C4371CA2EF3800936DBC /* AppDelegate.swift in Sources */,
				66F44E9D1CC05494006F0A6E /* Shader.metal in Sources */,
				665940911CC11CD300BEA04C /* DisplayWindow.swift in Sources */,
				666146B01CA34BC40022C10D /* FileIO.swift in Sources */,
			);
			runOnlyForDeploymentPostprocessing = 0;
		};
		66A9C43E1CA2EF3800936DBC /* Sources */ = {
			isa = PBXSourcesBuildPhase;
			buildActionMask = 2147483647;
			files = (
				66A9C4471CA2EF3800936DBC /* SimpleNESTests.swift in Sources */,
			);
			runOnlyForDeploymentPostprocessing = 0;
		};
/* End PBXSourcesBuildPhase section */

/* Begin PBXTargetDependency section */
		66A9C4441CA2EF3800936DBC /* PBXTargetDependency */ = {
			isa = PBXTargetDependency;
			target = 66A9C4321CA2EF3800936DBC /* SimpleNES */;
			targetProxy = 66A9C4431CA2EF3800936DBC /* PBXContainerItemProxy */;
		};
/* End PBXTargetDependency section */

/* Begin PBXVariantGroup section */
		66A9C43A1CA2EF3800936DBC /* MainMenu.xib */ = {
			isa = PBXVariantGroup;
			children = (
				66A9C43B1CA2EF3800936DBC /* Base */,
			);
			name = MainMenu.xib;
			sourceTree = "<group>";
		};
/* End PBXVariantGroup section */

/* Begin XCBuildConfiguration section */
		66A9C4491CA2EF3800936DBC /* Debug */ = {
			isa = XCBuildConfiguration;
			buildSettings = {
				ALWAYS_SEARCH_USER_PATHS = NO;
				CLANG_CXX_LANGUAGE_STANDARD = "gnu++0x";
				CLANG_CXX_LIBRARY = "libc++";
				CLANG_ENABLE_MODULES = YES;
				CLANG_ENABLE_OBJC_ARC = YES;
				CLANG_WARN_BOOL_CONVERSION = YES;
				CLANG_WARN_CONSTANT_CONVERSION = YES;
				CLANG_WARN_DIRECT_OBJC_ISA_USAGE = YES_ERROR;
				CLANG_WARN_EMPTY_BODY = YES;
				CLANG_WARN_ENUM_CONVERSION = YES;
				CLANG_WARN_INT_CONVERSION = YES;
				CLANG_WARN_OBJC_ROOT_CLASS = YES_ERROR;
				CLANG_WARN_UNREACHABLE_CODE = YES;
				CLANG_WARN__DUPLICATE_METHOD_MATCH = YES;
				CODE_SIGN_IDENTITY = "-";
				COPY_PHASE_STRIP = NO;
				DEBUG_INFORMATION_FORMAT = dwarf;
				ENABLE_STRICT_OBJC_MSGSEND = YES;
				ENABLE_TESTABILITY = YES;
				GCC_C_LANGUAGE_STANDARD = gnu99;
				GCC_DYNAMIC_NO_PIC = NO;
				GCC_NO_COMMON_BLOCKS = YES;
				GCC_OPTIMIZATION_LEVEL = 0;
				GCC_PREPROCESSOR_DEFINITIONS = (
					"DEBUG=1",
					"$(inherited)",
				);
				GCC_WARN_64_TO_32_BIT_CONVERSION = YES;
				GCC_WARN_ABOUT_RETURN_TYPE = YES_ERROR;
				GCC_WARN_UNDECLARED_SELECTOR = YES;
				GCC_WARN_UNINITIALIZED_AUTOS = YES_AGGRESSIVE;
				GCC_WARN_UNUSED_FUNCTION = YES;
				GCC_WARN_UNUSED_VARIABLE = YES;
				MACOSX_DEPLOYMENT_TARGET = 10.11;
				MTL_ENABLE_DEBUG_INFO = YES;
				ONLY_ACTIVE_ARCH = YES;
				SDKROOT = macosx;
				SWIFT_OPTIMIZATION_LEVEL = "-Onone";
			};
			name = Debug;
		};
		66A9C44A1CA2EF3800936DBC /* Release */ = {
			isa = XCBuildConfiguration;
			buildSettings = {
				ALWAYS_SEARCH_USER_PATHS = NO;
				CLANG_CXX_LANGUAGE_STANDARD = "gnu++0x";
				CLANG_CXX_LIBRARY = "libc++";
				CLANG_ENABLE_MODULES = YES;
				CLANG_ENABLE_OBJC_ARC = YES;
				CLANG_WARN_BOOL_CONVERSION = YES;
				CLANG_WARN_CONSTANT_CONVERSION = YES;
				CLANG_WARN_DIRECT_OBJC_ISA_USAGE = YES_ERROR;
				CLANG_WARN_EMPTY_BODY = YES;
				CLANG_WARN_ENUM_CONVERSION = YES;
				CLANG_WARN_INT_CONVERSION = YES;
				CLANG_WARN_OBJC_ROOT_CLASS = YES_ERROR;
				CLANG_WARN_UNREACHABLE_CODE = YES;
				CLANG_WARN__DUPLICATE_METHOD_MATCH = YES;
				CODE_SIGN_IDENTITY = "-";
				COPY_PHASE_STRIP = NO;
				DEBUG_INFORMATION_FORMAT = "dwarf-with-dsym";
				ENABLE_NS_ASSERTIONS = NO;
				ENABLE_STRICT_OBJC_MSGSEND = YES;
				GCC_C_LANGUAGE_STANDARD = gnu99;
				GCC_NO_COMMON_BLOCKS = YES;
				GCC_WARN_64_TO_32_BIT_CONVERSION = YES;
				GCC_WARN_ABOUT_RETURN_TYPE = YES_ERROR;
				GCC_WARN_UNDECLARED_SELECTOR = YES;
				GCC_WARN_UNINITIALIZED_AUTOS = YES_AGGRESSIVE;
				GCC_WARN_UNUSED_FUNCTION = YES;
				GCC_WARN_UNUSED_VARIABLE = YES;
				MACOSX_DEPLOYMENT_TARGET = 10.11;
				MTL_ENABLE_DEBUG_INFO = NO;
				SDKROOT = macosx;
			};
			name = Release;
		};
		66A9C44C1CA2EF3800936DBC /* Debug */ = {
			isa = XCBuildConfiguration;
			buildSettings = {
				ASSETCATALOG_COMPILER_APPICON_NAME = AppIcon;
				COMBINE_HIDPI_IMAGES = YES;
				INFOPLIST_FILE = SimpleNES/Info.plist;
				LD_RUNPATH_SEARCH_PATHS = "$(inherited) @executable_path/../Frameworks";
				PRODUCT_BUNDLE_IDENTIFIER = com.appcannon.SimpleNES;
				PRODUCT_NAME = "$(TARGET_NAME)";
			};
			name = Debug;
		};
		66A9C44D1CA2EF3800936DBC /* Release */ = {
			isa = XCBuildConfiguration;
			buildSettings = {
				ASSETCATALOG_COMPILER_APPICON_NAME = AppIcon;
				COMBINE_HIDPI_IMAGES = YES;
				INFOPLIST_FILE = SimpleNES/Info.plist;
				LD_RUNPATH_SEARCH_PATHS = "$(inherited) @executable_path/../Frameworks";
				PRODUCT_BUNDLE_IDENTIFIER = com.appcannon.SimpleNES;
				PRODUCT_NAME = "$(TARGET_NAME)";
			};
			name = Release;
		};
		66A9C44F1CA2EF3800936DBC /* Debug */ = {
			isa = XCBuildConfiguration;
			buildSettings = {
				BUNDLE_LOADER = "$(TEST_HOST)";
				COMBINE_HIDPI_IMAGES = YES;
				INFOPLIST_FILE = SimpleNESTests/Info.plist;
				LD_RUNPATH_SEARCH_PATHS = "$(inherited) @executable_path/../Frameworks @loader_path/../Frameworks";
				PRODUCT_BUNDLE_IDENTIFIER = com.appcannon.SimpleNESTests;
				PRODUCT_NAME = "$(TARGET_NAME)";
				TEST_HOST = "$(BUILT_PRODUCTS_DIR)/SimpleNES.app/Contents/MacOS/SimpleNES";
			};
			name = Debug;
		};
		66A9C4501CA2EF3800936DBC /* Release */ = {
			isa = XCBuildConfiguration;
			buildSettings = {
				BUNDLE_LOADER = "$(TEST_HOST)";
				COMBINE_HIDPI_IMAGES = YES;
				INFOPLIST_FILE = SimpleNESTests/Info.plist;
				LD_RUNPATH_SEARCH_PATHS = "$(inherited) @executable_path/../Frameworks @loader_path/../Frameworks";
				PRODUCT_BUNDLE_IDENTIFIER = com.appcannon.SimpleNESTests;
				PRODUCT_NAME = "$(TARGET_NAME)";
				TEST_HOST = "$(BUILT_PRODUCTS_DIR)/SimpleNES.app/Contents/MacOS/SimpleNES";
			};
			name = Release;
		};
/* End XCBuildConfiguration section */

/* Begin XCConfigurationList section */
		66A9C42E1CA2EF3800936DBC /* Build configuration list for PBXProject "SimpleNES" */ = {
			isa = XCConfigurationList;
			buildConfigurations = (
				66A9C4491CA2EF3800936DBC /* Debug */,
				66A9C44A1CA2EF3800936DBC /* Release */,
			);
			defaultConfigurationIsVisible = 0;
			defaultConfigurationName = Release;
		};
		66A9C44B1CA2EF3800936DBC /* Build configuration list for PBXNativeTarget "SimpleNES" */ = {
			isa = XCConfigurationList;
			buildConfigurations = (
				66A9C44C1CA2EF3800936DBC /* Debug */,
				66A9C44D1CA2EF3800936DBC /* Release */,
			);
			defaultConfigurationIsVisible = 0;
			defaultConfigurationName = Release;
		};
		66A9C44E1CA2EF3800936DBC /* Build configuration list for PBXNativeTarget "SimpleNESTests" */ = {
			isa = XCConfigurationList;
			buildConfigurations = (
				66A9C44F1CA2EF3800936DBC /* Debug */,
				66A9C4501CA2EF3800936DBC /* Release */,
			);
			defaultConfigurationIsVisible = 0;
			defaultConfigurationName = Release;
		};
/* End XCConfigurationList section */
	};
	rootObject = 66A9C42B1CA2EF3800936DBC /* Project object */;
}
